// !$*UTF8*$!
{
	archiveVersion = 1;
	classes = {
	};
	objectVersion = 55;
	objects = {

/* Begin PBXBuildFile section */
		074308B527ABF330003118B8 /* RoundImageView.swift in Sources */ = {isa = PBXBuildFile; fileRef = 074308B427ABF330003118B8 /* RoundImageView.swift */; };
		074308BB27ABF8C6003118B8 /* CodingTestAPI.swift in Sources */ = {isa = PBXBuildFile; fileRef = 074308BA27ABF8C6003118B8 /* CodingTestAPI.swift */; };
		07440E3627AA88BC00C9405A /* AppDelegate.swift in Sources */ = {isa = PBXBuildFile; fileRef = 07440E3527AA88BC00C9405A /* AppDelegate.swift */; };
		07440E3A27AA88BC00C9405A /* SummonerViewController.swift in Sources */ = {isa = PBXBuildFile; fileRef = 07440E3927AA88BC00C9405A /* SummonerViewController.swift */; };
		07440E3F27AA88BD00C9405A /* Assets.xcassets in Resources */ = {isa = PBXBuildFile; fileRef = 07440E3E27AA88BD00C9405A /* Assets.xcassets */; };
		07440E4227AA88BD00C9405A /* LaunchScreen.storyboard in Resources */ = {isa = PBXBuildFile; fileRef = 07440E4027AA88BD00C9405A /* LaunchScreen.storyboard */; };
		07440E4D27AA88BD00C9405A /* SummonerPageTests.swift in Sources */ = {isa = PBXBuildFile; fileRef = 07440E4C27AA88BD00C9405A /* SummonerPageTests.swift */; };
		07440E5727AA88BD00C9405A /* SummonerPageUITests.swift in Sources */ = {isa = PBXBuildFile; fileRef = 07440E5627AA88BD00C9405A /* SummonerPageUITests.swift */; };
		07440E5927AA88BD00C9405A /* SummonerPageUITestsLaunchTests.swift in Sources */ = {isa = PBXBuildFile; fileRef = 07440E5827AA88BD00C9405A /* SummonerPageUITestsLaunchTests.swift */; };
		07440E6627AA8ED500C9405A /* SummonerViewReactor.swift in Sources */ = {isa = PBXBuildFile; fileRef = 07440E6527AA8ED500C9405A /* SummonerViewReactor.swift */; };
		07440E6A27AA8F4400C9405A /* Summoner.swift in Sources */ = {isa = PBXBuildFile; fileRef = 07440E6927AA8F4400C9405A /* Summoner.swift */; };
		07440E6E27AA8F6F00C9405A /* Tier.swift in Sources */ = {isa = PBXBuildFile; fileRef = 07440E6D27AA8F6F00C9405A /* Tier.swift */; };
		07440E7427AA91BB00C9405A /* League.swift in Sources */ = {isa = PBXBuildFile; fileRef = 07440E7327AA91BB00C9405A /* League.swift */; };
		07440E7627AA933200C9405A /* SummonerHeaderView.swift in Sources */ = {isa = PBXBuildFile; fileRef = 07440E7527AA933200C9405A /* SummonerHeaderView.swift */; };
		07440E7927AAA6DD00C9405A /* PaddingLabel.swift in Sources */ = {isa = PBXBuildFile; fileRef = 07440E7827AAA6DD00C9405A /* PaddingLabel.swift */; };
		07440E7C27AAA87600C9405A /* SummonerHeaderViewReactor.swift in Sources */ = {isa = PBXBuildFile; fileRef = 07440E7B27AAA87600C9405A /* SummonerHeaderViewReactor.swift */; };
		07440E7E27AAA8FE00C9405A /* LeagueCell.swift in Sources */ = {isa = PBXBuildFile; fileRef = 07440E7D27AAA8FE00C9405A /* LeagueCell.swift */; };
		07440E8027AAC72600C9405A /* CALayerExtensions.swift in Sources */ = {isa = PBXBuildFile; fileRef = 07440E7F27AAC72600C9405A /* CALayerExtensions.swift */; };
		07440E8227AACA0200C9405A /* LeagueCellReactor.swift in Sources */ = {isa = PBXBuildFile; fileRef = 07440E8127AACA0200C9405A /* LeagueCellReactor.swift */; };
		257CE6CBE95F0FA5021EC470 /* Pods_SummonerPage_SummonerPageUITests.framework in Frameworks */ = {isa = PBXBuildFile; fileRef = 76DAF2A88B94556007A7493E /* Pods_SummonerPage_SummonerPageUITests.framework */; };
		2759693DBD349C7460733677 /* Pods_SummonerPageTests.framework in Frameworks */ = {isa = PBXBuildFile; fileRef = C3416F3AB41D3653DE0AF0E5 /* Pods_SummonerPageTests.framework */; };
		CEF801DF8EE7E279A2AEFC3E /* Pods_SummonerPage.framework in Frameworks */ = {isa = PBXBuildFile; fileRef = BB246742BE73EE6A2F3EFD8D /* Pods_SummonerPage.framework */; };
/* End PBXBuildFile section */

/* Begin PBXContainerItemProxy section */
		07440E4927AA88BD00C9405A /* PBXContainerItemProxy */ = {
			isa = PBXContainerItemProxy;
			containerPortal = 07440E2A27AA88BC00C9405A /* Project object */;
			proxyType = 1;
			remoteGlobalIDString = 07440E3127AA88BC00C9405A;
			remoteInfo = SummonerPage;
		};
		07440E5327AA88BD00C9405A /* PBXContainerItemProxy */ = {
			isa = PBXContainerItemProxy;
			containerPortal = 07440E2A27AA88BC00C9405A /* Project object */;
			proxyType = 1;
			remoteGlobalIDString = 07440E3127AA88BC00C9405A;
			remoteInfo = SummonerPage;
		};
/* End PBXContainerItemProxy section */

/* Begin PBXFileReference section */
		074308B427ABF330003118B8 /* RoundImageView.swift */ = {isa = PBXFileReference; lastKnownFileType = sourcecode.swift; path = RoundImageView.swift; sourceTree = "<group>"; };
		074308BA27ABF8C6003118B8 /* CodingTestAPI.swift */ = {isa = PBXFileReference; lastKnownFileType = sourcecode.swift; path = CodingTestAPI.swift; sourceTree = "<group>"; };
		07440E3227AA88BC00C9405A /* SummonerPage.app */ = {isa = PBXFileReference; explicitFileType = wrapper.application; includeInIndex = 0; path = SummonerPage.app; sourceTree = BUILT_PRODUCTS_DIR; };
		07440E3527AA88BC00C9405A /* AppDelegate.swift */ = {isa = PBXFileReference; lastKnownFileType = sourcecode.swift; path = AppDelegate.swift; sourceTree = "<group>"; };
		07440E3927AA88BC00C9405A /* SummonerViewController.swift */ = {isa = PBXFileReference; lastKnownFileType = sourcecode.swift; path = SummonerViewController.swift; sourceTree = "<group>"; };
		07440E3E27AA88BD00C9405A /* Assets.xcassets */ = {isa = PBXFileReference; lastKnownFileType = folder.assetcatalog; path = Assets.xcassets; sourceTree = "<group>"; };
		07440E4127AA88BD00C9405A /* Base */ = {isa = PBXFileReference; lastKnownFileType = file.storyboard; name = Base; path = Base.lproj/LaunchScreen.storyboard; sourceTree = "<group>"; };
		07440E4327AA88BD00C9405A /* Info.plist */ = {isa = PBXFileReference; lastKnownFileType = text.plist.xml; path = Info.plist; sourceTree = "<group>"; };
		07440E4827AA88BD00C9405A /* SummonerPageTests.xctest */ = {isa = PBXFileReference; explicitFileType = wrapper.cfbundle; includeInIndex = 0; path = SummonerPageTests.xctest; sourceTree = BUILT_PRODUCTS_DIR; };
		07440E4C27AA88BD00C9405A /* SummonerPageTests.swift */ = {isa = PBXFileReference; lastKnownFileType = sourcecode.swift; path = SummonerPageTests.swift; sourceTree = "<group>"; };
		07440E5227AA88BD00C9405A /* SummonerPageUITests.xctest */ = {isa = PBXFileReference; explicitFileType = wrapper.cfbundle; includeInIndex = 0; path = SummonerPageUITests.xctest; sourceTree = BUILT_PRODUCTS_DIR; };
		07440E5627AA88BD00C9405A /* SummonerPageUITests.swift */ = {isa = PBXFileReference; lastKnownFileType = sourcecode.swift; path = SummonerPageUITests.swift; sourceTree = "<group>"; };
		07440E5827AA88BD00C9405A /* SummonerPageUITestsLaunchTests.swift */ = {isa = PBXFileReference; lastKnownFileType = sourcecode.swift; path = SummonerPageUITestsLaunchTests.swift; sourceTree = "<group>"; };
		07440E6527AA8ED500C9405A /* SummonerViewReactor.swift */ = {isa = PBXFileReference; lastKnownFileType = sourcecode.swift; path = SummonerViewReactor.swift; sourceTree = "<group>"; };
		07440E6927AA8F4400C9405A /* Summoner.swift */ = {isa = PBXFileReference; lastKnownFileType = sourcecode.swift; path = Summoner.swift; sourceTree = "<group>"; };
		07440E6D27AA8F6F00C9405A /* Tier.swift */ = {isa = PBXFileReference; lastKnownFileType = sourcecode.swift; path = Tier.swift; sourceTree = "<group>"; };
		07440E7327AA91BB00C9405A /* League.swift */ = {isa = PBXFileReference; lastKnownFileType = sourcecode.swift; path = League.swift; sourceTree = "<group>"; };
		07440E7527AA933200C9405A /* SummonerHeaderView.swift */ = {isa = PBXFileReference; lastKnownFileType = sourcecode.swift; path = SummonerHeaderView.swift; sourceTree = "<group>"; };
		07440E7827AAA6DD00C9405A /* PaddingLabel.swift */ = {isa = PBXFileReference; lastKnownFileType = sourcecode.swift; path = PaddingLabel.swift; sourceTree = "<group>"; };
		07440E7B27AAA87600C9405A /* SummonerHeaderViewReactor.swift */ = {isa = PBXFileReference; lastKnownFileType = sourcecode.swift; path = SummonerHeaderViewReactor.swift; sourceTree = "<group>"; };
		07440E7D27AAA8FE00C9405A /* LeagueCell.swift */ = {isa = PBXFileReference; lastKnownFileType = sourcecode.swift; path = LeagueCell.swift; sourceTree = "<group>"; };
		07440E7F27AAC72600C9405A /* CALayerExtensions.swift */ = {isa = PBXFileReference; lastKnownFileType = sourcecode.swift; path = CALayerExtensions.swift; sourceTree = "<group>"; };
		07440E8127AACA0200C9405A /* LeagueCellReactor.swift */ = {isa = PBXFileReference; lastKnownFileType = sourcecode.swift; path = LeagueCellReactor.swift; sourceTree = "<group>"; };
		19B62DCD54707BA21773A4EA /* Pods-SummonerPage-SummonerPageUITests.debug.xcconfig */ = {isa = PBXFileReference; includeInIndex = 1; lastKnownFileType = text.xcconfig; name = "Pods-SummonerPage-SummonerPageUITests.debug.xcconfig"; path = "Target Support Files/Pods-SummonerPage-SummonerPageUITests/Pods-SummonerPage-SummonerPageUITests.debug.xcconfig"; sourceTree = "<group>"; };
		19B74D544078AD6EEA27D7D9 /* Pods-SummonerPage.release.xcconfig */ = {isa = PBXFileReference; includeInIndex = 1; lastKnownFileType = text.xcconfig; name = "Pods-SummonerPage.release.xcconfig"; path = "Target Support Files/Pods-SummonerPage/Pods-SummonerPage.release.xcconfig"; sourceTree = "<group>"; };
		76DAF2A88B94556007A7493E /* Pods_SummonerPage_SummonerPageUITests.framework */ = {isa = PBXFileReference; explicitFileType = wrapper.framework; includeInIndex = 0; path = Pods_SummonerPage_SummonerPageUITests.framework; sourceTree = BUILT_PRODUCTS_DIR; };
		8BF8CD24CE0D07D1C4A46D46 /* Pods-SummonerPage.debug.xcconfig */ = {isa = PBXFileReference; includeInIndex = 1; lastKnownFileType = text.xcconfig; name = "Pods-SummonerPage.debug.xcconfig"; path = "Target Support Files/Pods-SummonerPage/Pods-SummonerPage.debug.xcconfig"; sourceTree = "<group>"; };
		A205C85555CBF9A3548A8F9F /* Pods-SummonerPageTests.debug.xcconfig */ = {isa = PBXFileReference; includeInIndex = 1; lastKnownFileType = text.xcconfig; name = "Pods-SummonerPageTests.debug.xcconfig"; path = "Target Support Files/Pods-SummonerPageTests/Pods-SummonerPageTests.debug.xcconfig"; sourceTree = "<group>"; };
		A5784A71CF8536E8636AB018 /* Pods-SummonerPageTests.release.xcconfig */ = {isa = PBXFileReference; includeInIndex = 1; lastKnownFileType = text.xcconfig; name = "Pods-SummonerPageTests.release.xcconfig"; path = "Target Support Files/Pods-SummonerPageTests/Pods-SummonerPageTests.release.xcconfig"; sourceTree = "<group>"; };
		BB246742BE73EE6A2F3EFD8D /* Pods_SummonerPage.framework */ = {isa = PBXFileReference; explicitFileType = wrapper.framework; includeInIndex = 0; path = Pods_SummonerPage.framework; sourceTree = BUILT_PRODUCTS_DIR; };
		C3416F3AB41D3653DE0AF0E5 /* Pods_SummonerPageTests.framework */ = {isa = PBXFileReference; explicitFileType = wrapper.framework; includeInIndex = 0; path = Pods_SummonerPageTests.framework; sourceTree = BUILT_PRODUCTS_DIR; };
		D2E31B5C1561A0CF5E17AB89 /* Pods-SummonerPage-SummonerPageUITests.release.xcconfig */ = {isa = PBXFileReference; includeInIndex = 1; lastKnownFileType = text.xcconfig; name = "Pods-SummonerPage-SummonerPageUITests.release.xcconfig"; path = "Target Support Files/Pods-SummonerPage-SummonerPageUITests/Pods-SummonerPage-SummonerPageUITests.release.xcconfig"; sourceTree = "<group>"; };
/* End PBXFileReference section */

/* Begin PBXFrameworksBuildPhase section */
		07440E2F27AA88BC00C9405A /* Frameworks */ = {
			isa = PBXFrameworksBuildPhase;
			buildActionMask = 2147483647;
			files = (
				CEF801DF8EE7E279A2AEFC3E /* Pods_SummonerPage.framework in Frameworks */,
			);
			runOnlyForDeploymentPostprocessing = 0;
		};
		07440E4527AA88BD00C9405A /* Frameworks */ = {
			isa = PBXFrameworksBuildPhase;
			buildActionMask = 2147483647;
			files = (
				2759693DBD349C7460733677 /* Pods_SummonerPageTests.framework in Frameworks */,
			);
			runOnlyForDeploymentPostprocessing = 0;
		};
		07440E4F27AA88BD00C9405A /* Frameworks */ = {
			isa = PBXFrameworksBuildPhase;
			buildActionMask = 2147483647;
			files = (
				257CE6CBE95F0FA5021EC470 /* Pods_SummonerPage_SummonerPageUITests.framework in Frameworks */,
			);
			runOnlyForDeploymentPostprocessing = 0;
		};
/* End PBXFrameworksBuildPhase section */

/* Begin PBXGroup section */
		074308BC27AC095B003118B8 /* API */ = {
			isa = PBXGroup;
			children = (
				074308BA27ABF8C6003118B8 /* CodingTestAPI.swift */,
			);
			path = API;
			sourceTree = "<group>";
		};
		074308BD27AC0983003118B8 /* UIVIew */ = {
			isa = PBXGroup;
			children = (
				074308B427ABF330003118B8 /* RoundImageView.swift */,
			);
			path = UIVIew;
			sourceTree = "<group>";
		};
		07440E2927AA88BC00C9405A = {
			isa = PBXGroup;
			children = (
				07440E3427AA88BC00C9405A /* SummonerPage */,
				07440E4B27AA88BD00C9405A /* SummonerPageTests */,
				07440E5527AA88BD00C9405A /* SummonerPageUITests */,
				07440E3327AA88BC00C9405A /* Products */,
				9FEA9090277ECE77DDF21AA6 /* Pods */,
				1A93A406A0C7C2B9EFF2CF77 /* Frameworks */,
			);
			sourceTree = "<group>";
		};
		07440E3327AA88BC00C9405A /* Products */ = {
			isa = PBXGroup;
			children = (
				07440E3227AA88BC00C9405A /* SummonerPage.app */,
				07440E4827AA88BD00C9405A /* SummonerPageTests.xctest */,
				07440E5227AA88BD00C9405A /* SummonerPageUITests.xctest */,
			);
			name = Products;
			sourceTree = "<group>";
		};
		07440E3427AA88BC00C9405A /* SummonerPage */ = {
			isa = PBXGroup;
			children = (
				074308BC27AC095B003118B8 /* API */,
				07440E6727AA8F3100C9405A /* Domain */,
				074308BD27AC0983003118B8 /* UIVIew */,
				07440E7127AA905000C9405A /* Presentable */,
				07440E7227AA906A00C9405A /* SupportingFiles */,
				07440E7827AAA6DD00C9405A /* PaddingLabel.swift */,
				07440E7F27AAC72600C9405A /* CALayerExtensions.swift */,
			);
			path = SummonerPage;
			sourceTree = "<group>";
		};
		07440E4B27AA88BD00C9405A /* SummonerPageTests */ = {
			isa = PBXGroup;
			children = (
				07440E4C27AA88BD00C9405A /* SummonerPageTests.swift */,
			);
			path = SummonerPageTests;
			sourceTree = "<group>";
		};
		07440E5527AA88BD00C9405A /* SummonerPageUITests */ = {
			isa = PBXGroup;
			children = (
				07440E5627AA88BD00C9405A /* SummonerPageUITests.swift */,
				07440E5827AA88BD00C9405A /* SummonerPageUITestsLaunchTests.swift */,
			);
			path = SummonerPageUITests;
			sourceTree = "<group>";
		};
		07440E6727AA8F3100C9405A /* Domain */ = {
			isa = PBXGroup;
			children = (
				07440E6827AA8F3900C9405A /* Model */,
			);
			path = Domain;
			sourceTree = "<group>";
		};
		07440E6827AA8F3900C9405A /* Model */ = {
			isa = PBXGroup;
			children = (
				07440E6927AA8F4400C9405A /* Summoner.swift */,
				07440E6D27AA8F6F00C9405A /* Tier.swift */,
				07440E7327AA91BB00C9405A /* League.swift */,
			);
			path = Model;
			sourceTree = "<group>";
		};
		07440E7127AA905000C9405A /* Presentable */ = {
			isa = PBXGroup;
			children = (
				07440E3927AA88BC00C9405A /* SummonerViewController.swift */,
				07440E6527AA8ED500C9405A /* SummonerViewReactor.swift */,
				07440E7A27AAA86300C9405A /* SummonerHeaderView */,
			);
			path = Presentable;
			sourceTree = "<group>";
		};
		07440E7227AA906A00C9405A /* SupportingFiles */ = {
			isa = PBXGroup;
			children = (
				07440E3527AA88BC00C9405A /* AppDelegate.swift */,
				07440E3E27AA88BD00C9405A /* Assets.xcassets */,
				07440E4027AA88BD00C9405A /* LaunchScreen.storyboard */,
				07440E4327AA88BD00C9405A /* Info.plist */,
			);
			path = SupportingFiles;
			sourceTree = "<group>";
		};
		07440E7A27AAA86300C9405A /* SummonerHeaderView */ = {
			isa = PBXGroup;
			children = (
				07440E7527AA933200C9405A /* SummonerHeaderView.swift */,
				07440E7B27AAA87600C9405A /* SummonerHeaderViewReactor.swift */,
				07440E8327AACA4600C9405A /* LeagueCell */,
			);
			path = SummonerHeaderView;
			sourceTree = "<group>";
		};
		07440E8327AACA4600C9405A /* LeagueCell */ = {
			isa = PBXGroup;
			children = (
				07440E7D27AAA8FE00C9405A /* LeagueCell.swift */,
				07440E8127AACA0200C9405A /* LeagueCellReactor.swift */,
			);
			path = LeagueCell;
			sourceTree = "<group>";
		};
		1A93A406A0C7C2B9EFF2CF77 /* Frameworks */ = {
			isa = PBXGroup;
			children = (
				BB246742BE73EE6A2F3EFD8D /* Pods_SummonerPage.framework */,
				76DAF2A88B94556007A7493E /* Pods_SummonerPage_SummonerPageUITests.framework */,
				C3416F3AB41D3653DE0AF0E5 /* Pods_SummonerPageTests.framework */,
			);
			name = Frameworks;
			sourceTree = "<group>";
		};
		9FEA9090277ECE77DDF21AA6 /* Pods */ = {
			isa = PBXGroup;
			children = (
				8BF8CD24CE0D07D1C4A46D46 /* Pods-SummonerPage.debug.xcconfig */,
				19B74D544078AD6EEA27D7D9 /* Pods-SummonerPage.release.xcconfig */,
				19B62DCD54707BA21773A4EA /* Pods-SummonerPage-SummonerPageUITests.debug.xcconfig */,
				D2E31B5C1561A0CF5E17AB89 /* Pods-SummonerPage-SummonerPageUITests.release.xcconfig */,
				A205C85555CBF9A3548A8F9F /* Pods-SummonerPageTests.debug.xcconfig */,
				A5784A71CF8536E8636AB018 /* Pods-SummonerPageTests.release.xcconfig */,
			);
			path = Pods;
			sourceTree = "<group>";
		};
/* End PBXGroup section */

/* Begin PBXNativeTarget section */
		07440E3127AA88BC00C9405A /* SummonerPage */ = {
			isa = PBXNativeTarget;
			buildConfigurationList = 07440E5C27AA88BD00C9405A /* Build configuration list for PBXNativeTarget "SummonerPage" */;
			buildPhases = (
				C10DEA83348E6CADF5E8FB8B /* [CP] Check Pods Manifest.lock */,
				07440E2E27AA88BC00C9405A /* Sources */,
				07440E2F27AA88BC00C9405A /* Frameworks */,
				07440E3027AA88BC00C9405A /* Resources */,
				C0723EB6C0E0F7D1AC83D6CA /* [CP] Embed Pods Frameworks */,
			);
			buildRules = (
			);
			dependencies = (
			);
			name = SummonerPage;
			productName = SummonerPage;
			productReference = 07440E3227AA88BC00C9405A /* SummonerPage.app */;
			productType = "com.apple.product-type.application";
		};
		07440E4727AA88BD00C9405A /* SummonerPageTests */ = {
			isa = PBXNativeTarget;
			buildConfigurationList = 07440E5F27AA88BD00C9405A /* Build configuration list for PBXNativeTarget "SummonerPageTests" */;
			buildPhases = (
				A90BC8C9BA941197A093C343 /* [CP] Check Pods Manifest.lock */,
				07440E4427AA88BD00C9405A /* Sources */,
				07440E4527AA88BD00C9405A /* Frameworks */,
				07440E4627AA88BD00C9405A /* Resources */,
			);
			buildRules = (
			);
			dependencies = (
				07440E4A27AA88BD00C9405A /* PBXTargetDependency */,
			);
			name = SummonerPageTests;
			productName = SummonerPageTests;
			productReference = 07440E4827AA88BD00C9405A /* SummonerPageTests.xctest */;
			productType = "com.apple.product-type.bundle.unit-test";
		};
		07440E5127AA88BD00C9405A /* SummonerPageUITests */ = {
			isa = PBXNativeTarget;
			buildConfigurationList = 07440E6227AA88BD00C9405A /* Build configuration list for PBXNativeTarget "SummonerPageUITests" */;
			buildPhases = (
				3CF5A7D6536FFB7670AF09FA /* [CP] Check Pods Manifest.lock */,
				07440E4E27AA88BD00C9405A /* Sources */,
				07440E4F27AA88BD00C9405A /* Frameworks */,
				07440E5027AA88BD00C9405A /* Resources */,
				1CBF5D0C54C67F98B787DEE3 /* [CP] Embed Pods Frameworks */,
			);
			buildRules = (
			);
			dependencies = (
				07440E5427AA88BD00C9405A /* PBXTargetDependency */,
			);
			name = SummonerPageUITests;
			productName = SummonerPageUITests;
			productReference = 07440E5227AA88BD00C9405A /* SummonerPageUITests.xctest */;
			productType = "com.apple.product-type.bundle.ui-testing";
		};
/* End PBXNativeTarget section */

/* Begin PBXProject section */
		07440E2A27AA88BC00C9405A /* Project object */ = {
			isa = PBXProject;
			attributes = {
				BuildIndependentTargetsInParallel = 1;
				LastSwiftUpdateCheck = 1320;
				LastUpgradeCheck = 1320;
				TargetAttributes = {
					07440E3127AA88BC00C9405A = {
						CreatedOnToolsVersion = 13.2.1;
					};
					07440E4727AA88BD00C9405A = {
						CreatedOnToolsVersion = 13.2.1;
						TestTargetID = 07440E3127AA88BC00C9405A;
					};
					07440E5127AA88BD00C9405A = {
						CreatedOnToolsVersion = 13.2.1;
						TestTargetID = 07440E3127AA88BC00C9405A;
					};
				};
			};
			buildConfigurationList = 07440E2D27AA88BC00C9405A /* Build configuration list for PBXProject "SummonerPage" */;
			compatibilityVersion = "Xcode 13.0";
			developmentRegion = en;
			hasScannedForEncodings = 0;
			knownRegions = (
				en,
				Base,
			);
			mainGroup = 07440E2927AA88BC00C9405A;
			productRefGroup = 07440E3327AA88BC00C9405A /* Products */;
			projectDirPath = "";
			projectRoot = "";
			targets = (
				07440E3127AA88BC00C9405A /* SummonerPage */,
				07440E4727AA88BD00C9405A /* SummonerPageTests */,
				07440E5127AA88BD00C9405A /* SummonerPageUITests */,
			);
		};
/* End PBXProject section */

/* Begin PBXResourcesBuildPhase section */
		07440E3027AA88BC00C9405A /* Resources */ = {
			isa = PBXResourcesBuildPhase;
			buildActionMask = 2147483647;
			files = (
				07440E4227AA88BD00C9405A /* LaunchScreen.storyboard in Resources */,
				07440E3F27AA88BD00C9405A /* Assets.xcassets in Resources */,
			);
			runOnlyForDeploymentPostprocessing = 0;
		};
		07440E4627AA88BD00C9405A /* Resources */ = {
			isa = PBXResourcesBuildPhase;
			buildActionMask = 2147483647;
			files = (
			);
			runOnlyForDeploymentPostprocessing = 0;
		};
		07440E5027AA88BD00C9405A /* Resources */ = {
			isa = PBXResourcesBuildPhase;
			buildActionMask = 2147483647;
			files = (
			);
			runOnlyForDeploymentPostprocessing = 0;
		};
/* End PBXResourcesBuildPhase section */

/* Begin PBXShellScriptBuildPhase section */
		1CBF5D0C54C67F98B787DEE3 /* [CP] Embed Pods Frameworks */ = {
			isa = PBXShellScriptBuildPhase;
			buildActionMask = 2147483647;
			files = (
			);
			inputFileListPaths = (
				"${PODS_ROOT}/Target Support Files/Pods-SummonerPage-SummonerPageUITests/Pods-SummonerPage-SummonerPageUITests-frameworks-${CONFIGURATION}-input-files.xcfilelist",
			);
			name = "[CP] Embed Pods Frameworks";
			outputFileListPaths = (
				"${PODS_ROOT}/Target Support Files/Pods-SummonerPage-SummonerPageUITests/Pods-SummonerPage-SummonerPageUITests-frameworks-${CONFIGURATION}-output-files.xcfilelist",
			);
			runOnlyForDeploymentPostprocessing = 0;
			shellPath = /bin/sh;
			shellScript = "\"${PODS_ROOT}/Target Support Files/Pods-SummonerPage-SummonerPageUITests/Pods-SummonerPage-SummonerPageUITests-frameworks.sh\"\n";
			showEnvVarsInLog = 0;
		};
		3CF5A7D6536FFB7670AF09FA /* [CP] Check Pods Manifest.lock */ = {
			isa = PBXShellScriptBuildPhase;
			buildActionMask = 2147483647;
			files = (
			);
			inputFileListPaths = (
			);
			inputPaths = (
				"${PODS_PODFILE_DIR_PATH}/Podfile.lock",
				"${PODS_ROOT}/Manifest.lock",
			);
			name = "[CP] Check Pods Manifest.lock";
			outputFileListPaths = (
			);
			outputPaths = (
				"$(DERIVED_FILE_DIR)/Pods-SummonerPage-SummonerPageUITests-checkManifestLockResult.txt",
			);
			runOnlyForDeploymentPostprocessing = 0;
			shellPath = /bin/sh;
			shellScript = "diff \"${PODS_PODFILE_DIR_PATH}/Podfile.lock\" \"${PODS_ROOT}/Manifest.lock\" > /dev/null\nif [ $? != 0 ] ; then\n    # print error to STDERR\n    echo \"error: The sandbox is not in sync with the Podfile.lock. Run 'pod install' or update your CocoaPods installation.\" >&2\n    exit 1\nfi\n# This output is used by Xcode 'outputs' to avoid re-running this script phase.\necho \"SUCCESS\" > \"${SCRIPT_OUTPUT_FILE_0}\"\n";
			showEnvVarsInLog = 0;
		};
		A90BC8C9BA941197A093C343 /* [CP] Check Pods Manifest.lock */ = {
			isa = PBXShellScriptBuildPhase;
			buildActionMask = 2147483647;
			files = (
			);
			inputFileListPaths = (
			);
			inputPaths = (
				"${PODS_PODFILE_DIR_PATH}/Podfile.lock",
				"${PODS_ROOT}/Manifest.lock",
			);
			name = "[CP] Check Pods Manifest.lock";
			outputFileListPaths = (
			);
			outputPaths = (
				"$(DERIVED_FILE_DIR)/Pods-SummonerPageTests-checkManifestLockResult.txt",
			);
			runOnlyForDeploymentPostprocessing = 0;
			shellPath = /bin/sh;
			shellScript = "diff \"${PODS_PODFILE_DIR_PATH}/Podfile.lock\" \"${PODS_ROOT}/Manifest.lock\" > /dev/null\nif [ $? != 0 ] ; then\n    # print error to STDERR\n    echo \"error: The sandbox is not in sync with the Podfile.lock. Run 'pod install' or update your CocoaPods installation.\" >&2\n    exit 1\nfi\n# This output is used by Xcode 'outputs' to avoid re-running this script phase.\necho \"SUCCESS\" > \"${SCRIPT_OUTPUT_FILE_0}\"\n";
			showEnvVarsInLog = 0;
		};
		C0723EB6C0E0F7D1AC83D6CA /* [CP] Embed Pods Frameworks */ = {
			isa = PBXShellScriptBuildPhase;
			buildActionMask = 2147483647;
			files = (
			);
			inputFileListPaths = (
				"${PODS_ROOT}/Target Support Files/Pods-SummonerPage/Pods-SummonerPage-frameworks-${CONFIGURATION}-input-files.xcfilelist",
			);
			name = "[CP] Embed Pods Frameworks";
			outputFileListPaths = (
				"${PODS_ROOT}/Target Support Files/Pods-SummonerPage/Pods-SummonerPage-frameworks-${CONFIGURATION}-output-files.xcfilelist",
			);
			runOnlyForDeploymentPostprocessing = 0;
			shellPath = /bin/sh;
			shellScript = "\"${PODS_ROOT}/Target Support Files/Pods-SummonerPage/Pods-SummonerPage-frameworks.sh\"\n";
			showEnvVarsInLog = 0;
		};
		C10DEA83348E6CADF5E8FB8B /* [CP] Check Pods Manifest.lock */ = {
			isa = PBXShellScriptBuildPhase;
			buildActionMask = 2147483647;
			files = (
			);
			inputFileListPaths = (
			);
			inputPaths = (
				"${PODS_PODFILE_DIR_PATH}/Podfile.lock",
				"${PODS_ROOT}/Manifest.lock",
			);
			name = "[CP] Check Pods Manifest.lock";
			outputFileListPaths = (
			);
			outputPaths = (
				"$(DERIVED_FILE_DIR)/Pods-SummonerPage-checkManifestLockResult.txt",
			);
			runOnlyForDeploymentPostprocessing = 0;
			shellPath = /bin/sh;
			shellScript = "diff \"${PODS_PODFILE_DIR_PATH}/Podfile.lock\" \"${PODS_ROOT}/Manifest.lock\" > /dev/null\nif [ $? != 0 ] ; then\n    # print error to STDERR\n    echo \"error: The sandbox is not in sync with the Podfile.lock. Run 'pod install' or update your CocoaPods installation.\" >&2\n    exit 1\nfi\n# This output is used by Xcode 'outputs' to avoid re-running this script phase.\necho \"SUCCESS\" > \"${SCRIPT_OUTPUT_FILE_0}\"\n";
			showEnvVarsInLog = 0;
		};
/* End PBXShellScriptBuildPhase section */

/* Begin PBXSourcesBuildPhase section */
		07440E2E27AA88BC00C9405A /* Sources */ = {
			isa = PBXSourcesBuildPhase;
			buildActionMask = 2147483647;
			files = (
				07440E3A27AA88BC00C9405A /* SummonerViewController.swift in Sources */,
				07440E6627AA8ED500C9405A /* SummonerViewReactor.swift in Sources */,
				074308BB27ABF8C6003118B8 /* CodingTestAPI.swift in Sources */,
				07440E3627AA88BC00C9405A /* AppDelegate.swift in Sources */,
				07440E7627AA933200C9405A /* SummonerHeaderView.swift in Sources */,
				07440E7E27AAA8FE00C9405A /* LeagueCell.swift in Sources */,
				07440E7C27AAA87600C9405A /* SummonerHeaderViewReactor.swift in Sources */,
				07440E7927AAA6DD00C9405A /* PaddingLabel.swift in Sources */,
				07440E8027AAC72600C9405A /* CALayerExtensions.swift in Sources */,
				07440E6E27AA8F6F00C9405A /* Tier.swift in Sources */,
				07440E8227AACA0200C9405A /* LeagueCellReactor.swift in Sources */,
				074308B527ABF330003118B8 /* RoundImageView.swift in Sources */,
				07440E7427AA91BB00C9405A /* League.swift in Sources */,
				07440E6A27AA8F4400C9405A /* Summoner.swift in Sources */,
			);
			runOnlyForDeploymentPostprocessing = 0;
		};
		07440E4427AA88BD00C9405A /* Sources */ = {
			isa = PBXSourcesBuildPhase;
			buildActionMask = 2147483647;
			files = (
				07440E4D27AA88BD00C9405A /* SummonerPageTests.swift in Sources */,
			);
			runOnlyForDeploymentPostprocessing = 0;
		};
		07440E4E27AA88BD00C9405A /* Sources */ = {
			isa = PBXSourcesBuildPhase;
			buildActionMask = 2147483647;
			files = (
				07440E5727AA88BD00C9405A /* SummonerPageUITests.swift in Sources */,
				07440E5927AA88BD00C9405A /* SummonerPageUITestsLaunchTests.swift in Sources */,
			);
			runOnlyForDeploymentPostprocessing = 0;
		};
/* End PBXSourcesBuildPhase section */

/* Begin PBXTargetDependency section */
		07440E4A27AA88BD00C9405A /* PBXTargetDependency */ = {
			isa = PBXTargetDependency;
			target = 07440E3127AA88BC00C9405A /* SummonerPage */;
			targetProxy = 07440E4927AA88BD00C9405A /* PBXContainerItemProxy */;
		};
		07440E5427AA88BD00C9405A /* PBXTargetDependency */ = {
			isa = PBXTargetDependency;
			target = 07440E3127AA88BC00C9405A /* SummonerPage */;
			targetProxy = 07440E5327AA88BD00C9405A /* PBXContainerItemProxy */;
		};
/* End PBXTargetDependency section */

/* Begin PBXVariantGroup section */
		07440E4027AA88BD00C9405A /* LaunchScreen.storyboard */ = {
			isa = PBXVariantGroup;
			children = (
				07440E4127AA88BD00C9405A /* Base */,
			);
			name = LaunchScreen.storyboard;
			sourceTree = "<group>";
		};
/* End PBXVariantGroup section */

/* Begin XCBuildConfiguration section */
		07440E5A27AA88BD00C9405A /* Debug */ = {
			isa = XCBuildConfiguration;
			buildSettings = {
				ALWAYS_SEARCH_USER_PATHS = NO;
				CLANG_ANALYZER_NONNULL = YES;
				CLANG_ANALYZER_NUMBER_OBJECT_CONVERSION = YES_AGGRESSIVE;
				CLANG_CXX_LANGUAGE_STANDARD = "gnu++17";
				CLANG_CXX_LIBRARY = "libc++";
				CLANG_ENABLE_MODULES = YES;
				CLANG_ENABLE_OBJC_ARC = YES;
				CLANG_ENABLE_OBJC_WEAK = YES;
				CLANG_WARN_BLOCK_CAPTURE_AUTORELEASING = YES;
				CLANG_WARN_BOOL_CONVERSION = YES;
				CLANG_WARN_COMMA = YES;
				CLANG_WARN_CONSTANT_CONVERSION = YES;
				CLANG_WARN_DEPRECATED_OBJC_IMPLEMENTATIONS = YES;
				CLANG_WARN_DIRECT_OBJC_ISA_USAGE = YES_ERROR;
				CLANG_WARN_DOCUMENTATION_COMMENTS = YES;
				CLANG_WARN_EMPTY_BODY = YES;
				CLANG_WARN_ENUM_CONVERSION = YES;
				CLANG_WARN_INFINITE_RECURSION = YES;
				CLANG_WARN_INT_CONVERSION = YES;
				CLANG_WARN_NON_LITERAL_NULL_CONVERSION = YES;
				CLANG_WARN_OBJC_IMPLICIT_RETAIN_SELF = YES;
				CLANG_WARN_OBJC_LITERAL_CONVERSION = YES;
				CLANG_WARN_OBJC_ROOT_CLASS = YES_ERROR;
				CLANG_WARN_QUOTED_INCLUDE_IN_FRAMEWORK_HEADER = YES;
				CLANG_WARN_RANGE_LOOP_ANALYSIS = YES;
				CLANG_WARN_STRICT_PROTOTYPES = YES;
				CLANG_WARN_SUSPICIOUS_MOVE = YES;
				CLANG_WARN_UNGUARDED_AVAILABILITY = YES_AGGRESSIVE;
				CLANG_WARN_UNREACHABLE_CODE = YES;
				CLANG_WARN__DUPLICATE_METHOD_MATCH = YES;
				COPY_PHASE_STRIP = NO;
				DEBUG_INFORMATION_FORMAT = dwarf;
				ENABLE_STRICT_OBJC_MSGSEND = YES;
				ENABLE_TESTABILITY = YES;
				GCC_C_LANGUAGE_STANDARD = gnu11;
				GCC_DYNAMIC_NO_PIC = NO;
				GCC_NO_COMMON_BLOCKS = YES;
				GCC_OPTIMIZATION_LEVEL = 0;
				GCC_PREPROCESSOR_DEFINITIONS = (
					"DEBUG=1",
					"$(inherited)",
				);
				GCC_WARN_64_TO_32_BIT_CONVERSION = YES;
				GCC_WARN_ABOUT_RETURN_TYPE = YES_ERROR;
				GCC_WARN_UNDECLARED_SELECTOR = YES;
				GCC_WARN_UNINITIALIZED_AUTOS = YES_AGGRESSIVE;
				GCC_WARN_UNUSED_FUNCTION = YES;
				GCC_WARN_UNUSED_VARIABLE = YES;
				IPHONEOS_DEPLOYMENT_TARGET = 10;
				MTL_ENABLE_DEBUG_INFO = INCLUDE_SOURCE;
				MTL_FAST_MATH = YES;
				ONLY_ACTIVE_ARCH = YES;
				SDKROOT = iphoneos;
				SWIFT_ACTIVE_COMPILATION_CONDITIONS = DEBUG;
				SWIFT_OPTIMIZATION_LEVEL = "-Onone";
			};
			name = Debug;
		};
		07440E5B27AA88BD00C9405A /* Release */ = {
			isa = XCBuildConfiguration;
			buildSettings = {
				ALWAYS_SEARCH_USER_PATHS = NO;
				CLANG_ANALYZER_NONNULL = YES;
				CLANG_ANALYZER_NUMBER_OBJECT_CONVERSION = YES_AGGRESSIVE;
				CLANG_CXX_LANGUAGE_STANDARD = "gnu++17";
				CLANG_CXX_LIBRARY = "libc++";
				CLANG_ENABLE_MODULES = YES;
				CLANG_ENABLE_OBJC_ARC = YES;
				CLANG_ENABLE_OBJC_WEAK = YES;
				CLANG_WARN_BLOCK_CAPTURE_AUTORELEASING = YES;
				CLANG_WARN_BOOL_CONVERSION = YES;
				CLANG_WARN_COMMA = YES;
				CLANG_WARN_CONSTANT_CONVERSION = YES;
				CLANG_WARN_DEPRECATED_OBJC_IMPLEMENTATIONS = YES;
				CLANG_WARN_DIRECT_OBJC_ISA_USAGE = YES_ERROR;
				CLANG_WARN_DOCUMENTATION_COMMENTS = YES;
				CLANG_WARN_EMPTY_BODY = YES;
				CLANG_WARN_ENUM_CONVERSION = YES;
				CLANG_WARN_INFINITE_RECURSION = YES;
				CLANG_WARN_INT_CONVERSION = YES;
				CLANG_WARN_NON_LITERAL_NULL_CONVERSION = YES;
				CLANG_WARN_OBJC_IMPLICIT_RETAIN_SELF = YES;
				CLANG_WARN_OBJC_LITERAL_CONVERSION = YES;
				CLANG_WARN_OBJC_ROOT_CLASS = YES_ERROR;
				CLANG_WARN_QUOTED_INCLUDE_IN_FRAMEWORK_HEADER = YES;
				CLANG_WARN_RANGE_LOOP_ANALYSIS = YES;
				CLANG_WARN_STRICT_PROTOTYPES = YES;
				CLANG_WARN_SUSPICIOUS_MOVE = YES;
				CLANG_WARN_UNGUARDED_AVAILABILITY = YES_AGGRESSIVE;
				CLANG_WARN_UNREACHABLE_CODE = YES;
				CLANG_WARN__DUPLICATE_METHOD_MATCH = YES;
				COPY_PHASE_STRIP = NO;
				DEBUG_INFORMATION_FORMAT = "dwarf-with-dsym";
				ENABLE_NS_ASSERTIONS = NO;
				ENABLE_STRICT_OBJC_MSGSEND = YES;
				GCC_C_LANGUAGE_STANDARD = gnu11;
				GCC_NO_COMMON_BLOCKS = YES;
				GCC_WARN_64_TO_32_BIT_CONVERSION = YES;
				GCC_WARN_ABOUT_RETURN_TYPE = YES_ERROR;
				GCC_WARN_UNDECLARED_SELECTOR = YES;
				GCC_WARN_UNINITIALIZED_AUTOS = YES_AGGRESSIVE;
				GCC_WARN_UNUSED_FUNCTION = YES;
				GCC_WARN_UNUSED_VARIABLE = YES;
				IPHONEOS_DEPLOYMENT_TARGET = 10;
				MTL_ENABLE_DEBUG_INFO = NO;
				MTL_FAST_MATH = YES;
				SDKROOT = iphoneos;
				SWIFT_COMPILATION_MODE = wholemodule;
				SWIFT_OPTIMIZATION_LEVEL = "-O";
				VALIDATE_PRODUCT = YES;
			};
			name = Release;
		};
		07440E5D27AA88BD00C9405A /* Debug */ = {
			isa = XCBuildConfiguration;
			baseConfigurationReference = 8BF8CD24CE0D07D1C4A46D46 /* Pods-SummonerPage.debug.xcconfig */;
			buildSettings = {
				ASSETCATALOG_COMPILER_APPICON_NAME = AppIcon;
				ASSETCATALOG_COMPILER_GLOBAL_ACCENT_COLOR_NAME = AccentColor;
				CODE_SIGN_STYLE = Automatic;
				CURRENT_PROJECT_VERSION = 1;
				DEVELOPMENT_TEAM = C2JG56G9EQ;
				GENERATE_INFOPLIST_FILE = YES;
				INFOPLIST_FILE = SummonerPage/SupportingFiles/Info.plist;
				INFOPLIST_KEY_UIApplicationSupportsIndirectInputEvents = YES;
				INFOPLIST_KEY_UILaunchStoryboardName = LaunchScreen;
				INFOPLIST_KEY_UISupportedInterfaceOrientations_iPad = "UIInterfaceOrientationPortrait UIInterfaceOrientationPortraitUpsideDown UIInterfaceOrientationLandscapeLeft UIInterfaceOrientationLandscapeRight";
				INFOPLIST_KEY_UISupportedInterfaceOrientations_iPhone = "UIInterfaceOrientationPortrait UIInterfaceOrientationLandscapeLeft UIInterfaceOrientationLandscapeRight";
				LD_RUNPATH_SEARCH_PATHS = (
					"$(inherited)",
					"@executable_path/Frameworks",
				);
				MARKETING_VERSION = 1.0;
				PRODUCT_BUNDLE_IDENTIFIER = com.yunseop.SummonerPage;
				PRODUCT_NAME = "$(TARGET_NAME)";
				SWIFT_EMIT_LOC_STRINGS = YES;
				SWIFT_VERSION = 5.0;
				TARGETED_DEVICE_FAMILY = "1,2";
			};
			name = Debug;
		};
		07440E5E27AA88BD00C9405A /* Release */ = {
			isa = XCBuildConfiguration;
			baseConfigurationReference = 19B74D544078AD6EEA27D7D9 /* Pods-SummonerPage.release.xcconfig */;
			buildSettings = {
				ASSETCATALOG_COMPILER_APPICON_NAME = AppIcon;
				ASSETCATALOG_COMPILER_GLOBAL_ACCENT_COLOR_NAME = AccentColor;
				CODE_SIGN_STYLE = Automatic;
				CURRENT_PROJECT_VERSION = 1;
				DEVELOPMENT_TEAM = C2JG56G9EQ;
				GENERATE_INFOPLIST_FILE = YES;
				INFOPLIST_FILE = SummonerPage/SupportingFiles/Info.plist;
				INFOPLIST_KEY_UIApplicationSupportsIndirectInputEvents = YES;
				INFOPLIST_KEY_UILaunchStoryboardName = LaunchScreen;
				INFOPLIST_KEY_UISupportedInterfaceOrientations_iPad = "UIInterfaceOrientationPortrait UIInterfaceOrientationPortraitUpsideDown UIInterfaceOrientationLandscapeLeft UIInterfaceOrientationLandscapeRight";
				INFOPLIST_KEY_UISupportedInterfaceOrientations_iPhone = "UIInterfaceOrientationPortrait UIInterfaceOrientationLandscapeLeft UIInterfaceOrientationLandscapeRight";
				LD_RUNPATH_SEARCH_PATHS = (
					"$(inherited)",
					"@executable_path/Frameworks",
				);
				MARKETING_VERSION = 1.0;
				PRODUCT_BUNDLE_IDENTIFIER = com.yunseop.SummonerPage;
				PRODUCT_NAME = "$(TARGET_NAME)";
				SWIFT_EMIT_LOC_STRINGS = YES;
				SWIFT_VERSION = 5.0;
				TARGETED_DEVICE_FAMILY = "1,2";
			};
			name = Release;
		};
		07440E6027AA88BD00C9405A /* Debug */ = {
			isa = XCBuildConfiguration;
			baseConfigurationReference = A205C85555CBF9A3548A8F9F /* Pods-SummonerPageTests.debug.xcconfig */;
			buildSettings = {
				ALWAYS_EMBED_SWIFT_STANDARD_LIBRARIES = YES;
				BUNDLE_LOADER = "$(TEST_HOST)";
				CODE_SIGN_STYLE = Automatic;
				CURRENT_PROJECT_VERSION = 1;
				DEVELOPMENT_TEAM = C2JG56G9EQ;
				GENERATE_INFOPLIST_FILE = YES;
				IPHONEOS_DEPLOYMENT_TARGET = 15.2;
				MARKETING_VERSION = 1.0;
				PRODUCT_BUNDLE_IDENTIFIER = com.yunseop.SummonerPageTests;
				PRODUCT_NAME = "$(TARGET_NAME)";
				SWIFT_EMIT_LOC_STRINGS = NO;
				SWIFT_VERSION = 5.0;
				TARGETED_DEVICE_FAMILY = "1,2";
				TEST_HOST = "$(BUILT_PRODUCTS_DIR)/SummonerPage.app/SummonerPage";
			};
			name = Debug;
		};
		07440E6127AA88BD00C9405A /* Release */ = {
			isa = XCBuildConfiguration;
			baseConfigurationReference = A5784A71CF8536E8636AB018 /* Pods-SummonerPageTests.release.xcconfig */;
			buildSettings = {
				ALWAYS_EMBED_SWIFT_STANDARD_LIBRARIES = YES;
				BUNDLE_LOADER = "$(TEST_HOST)";
				CODE_SIGN_STYLE = Automatic;
				CURRENT_PROJECT_VERSION = 1;
				DEVELOPMENT_TEAM = C2JG56G9EQ;
				GENERATE_INFOPLIST_FILE = YES;
				IPHONEOS_DEPLOYMENT_TARGET = 15.2;
				MARKETING_VERSION = 1.0;
				PRODUCT_BUNDLE_IDENTIFIER = com.yunseop.SummonerPageTests;
				PRODUCT_NAME = "$(TARGET_NAME)";
				SWIFT_EMIT_LOC_STRINGS = NO;
				SWIFT_VERSION = 5.0;
				TARGETED_DEVICE_FAMILY = "1,2";
				TEST_HOST = "$(BUILT_PRODUCTS_DIR)/SummonerPage.app/SummonerPage";
			};
			name = Release;
		};
		07440E6327AA88BD00C9405A /* Debug */ = {
			isa = XCBuildConfiguration;
			baseConfigurationReference = 19B62DCD54707BA21773A4EA /* Pods-SummonerPage-SummonerPageUITests.debug.xcconfig */;
			buildSettings = {
				ALWAYS_EMBED_SWIFT_STANDARD_LIBRARIES = YES;
				CODE_SIGN_STYLE = Automatic;
				CURRENT_PROJECT_VERSION = 1;
				DEVELOPMENT_TEAM = C2JG56G9EQ;
				GENERATE_INFOPLIST_FILE = YES;
				MARKETING_VERSION = 1.0;
				PRODUCT_BUNDLE_IDENTIFIER = com.yunseop.SummonerPageUITests;
				PRODUCT_NAME = "$(TARGET_NAME)";
				SWIFT_EMIT_LOC_STRINGS = NO;
				SWIFT_VERSION = 5.0;
				TARGETED_DEVICE_FAMILY = "1,2";
				TEST_TARGET_NAME = SummonerPage;
			};
			name = Debug;
		};
		07440E6427AA88BD00C9405A /* Release */ = {
			isa = XCBuildConfiguration;
			baseConfigurationReference = D2E31B5C1561A0CF5E17AB89 /* Pods-SummonerPage-SummonerPageUITests.release.xcconfig */;
			buildSettings = {
				ALWAYS_EMBED_SWIFT_STANDARD_LIBRARIES = YES;
				CODE_SIGN_STYLE = Automatic;
				CURRENT_PROJECT_VERSION = 1;
				DEVELOPMENT_TEAM = C2JG56G9EQ;
				GENERATE_INFOPLIST_FILE = YES;
				MARKETING_VERSION = 1.0;
				PRODUCT_BUNDLE_IDENTIFIER = com.yunseop.SummonerPageUITests;
				PRODUCT_NAME = "$(TARGET_NAME)";
				SWIFT_EMIT_LOC_STRINGS = NO;
				SWIFT_VERSION = 5.0;
				TARGETED_DEVICE_FAMILY = "1,2";
				TEST_TARGET_NAME = SummonerPage;
			};
			name = Release;
		};
/* End XCBuildConfiguration section */

/* Begin XCConfigurationList section */
		07440E2D27AA88BC00C9405A /* Build configuration list for PBXProject "SummonerPage" */ = {
			isa = XCConfigurationList;
			buildConfigurations = (
				07440E5A27AA88BD00C9405A /* Debug */,
				07440E5B27AA88BD00C9405A /* Release */,
			);
			defaultConfigurationIsVisible = 0;
			defaultConfigurationName = Release;
		};
		07440E5C27AA88BD00C9405A /* Build configuration list for PBXNativeTarget "SummonerPage" */ = {
			isa = XCConfigurationList;
			buildConfigurations = (
				07440E5D27AA88BD00C9405A /* Debug */,
				07440E5E27AA88BD00C9405A /* Release */,
			);
			defaultConfigurationIsVisible = 0;
			defaultConfigurationName = Release;
		};
		07440E5F27AA88BD00C9405A /* Build configuration list for PBXNativeTarget "SummonerPageTests" */ = {
			isa = XCConfigurationList;
			buildConfigurations = (
				07440E6027AA88BD00C9405A /* Debug */,
				07440E6127AA88BD00C9405A /* Release */,
			);
			defaultConfigurationIsVisible = 0;
			defaultConfigurationName = Release;
		};
		07440E6227AA88BD00C9405A /* Build configuration list for PBXNativeTarget "SummonerPageUITests" */ = {
			isa = XCConfigurationList;
			buildConfigurations = (
				07440E6327AA88BD00C9405A /* Debug */,
				07440E6427AA88BD00C9405A /* Release */,
			);
			defaultConfigurationIsVisible = 0;
			defaultConfigurationName = Release;
		};
/* End XCConfigurationList section */
	};
	rootObject = 07440E2A27AA88BC00C9405A /* Project object */;
}
