// !$*UTF8*$!
{
	archiveVersion = 1;
	classes = {
	};
	objectVersion = 55;
	objects = {

/* Begin PBXBuildFile section */
		07440E3627AA88BC00C9405A /* AppDelegate.swift in Sources */ = {isa = PBXBuildFile; fileRef = 07440E3527AA88BC00C9405A /* AppDelegate.swift */; };
		07440E3827AA88BC00C9405A /* SceneDelegate.swift in Sources */ = {isa = PBXBuildFile; fileRef = 07440E3727AA88BC00C9405A /* SceneDelegate.swift */; };
		07440E3A27AA88BC00C9405A /* ViewController.swift in Sources */ = {isa = PBXBuildFile; fileRef = 07440E3927AA88BC00C9405A /* ViewController.swift */; };
		07440E3D27AA88BC00C9405A /* Main.storyboard in Resources */ = {isa = PBXBuildFile; fileRef = 07440E3B27AA88BC00C9405A /* Main.storyboard */; };
		07440E3F27AA88BD00C9405A /* Assets.xcassets in Resources */ = {isa = PBXBuildFile; fileRef = 07440E3E27AA88BD00C9405A /* Assets.xcassets */; };
		07440E4227AA88BD00C9405A /* LaunchScreen.storyboard in Resources */ = {isa = PBXBuildFile; fileRef = 07440E4027AA88BD00C9405A /* LaunchScreen.storyboard */; };
		07440E4D27AA88BD00C9405A /* SummonerPageTests.swift in Sources */ = {isa = PBXBuildFile; fileRef = 07440E4C27AA88BD00C9405A /* SummonerPageTests.swift */; };
		07440E5727AA88BD00C9405A /* SummonerPageUITests.swift in Sources */ = {isa = PBXBuildFile; fileRef = 07440E5627AA88BD00C9405A /* SummonerPageUITests.swift */; };
		07440E5927AA88BD00C9405A /* SummonerPageUITestsLaunchTests.swift in Sources */ = {isa = PBXBuildFile; fileRef = 07440E5827AA88BD00C9405A /* SummonerPageUITestsLaunchTests.swift */; };
/* End PBXBuildFile section */

/* Begin PBXContainerItemProxy section */
		07440E4927AA88BD00C9405A /* PBXContainerItemProxy */ = {
			isa = PBXContainerItemProxy;
			containerPortal = 07440E2A27AA88BC00C9405A /* Project object */;
			proxyType = 1;
			remoteGlobalIDString = 07440E3127AA88BC00C9405A;
			remoteInfo = SummonerPage;
		};
		07440E5327AA88BD00C9405A /* PBXContainerItemProxy */ = {
			isa = PBXContainerItemProxy;
			containerPortal = 07440E2A27AA88BC00C9405A /* Project object */;
			proxyType = 1;
			remoteGlobalIDString = 07440E3127AA88BC00C9405A;
			remoteInfo = SummonerPage;
		};
/* End PBXContainerItemProxy section */

/* Begin PBXFileReference section */
		07440E3227AA88BC00C9405A /* SummonerPage.app */ = {isa = PBXFileReference; explicitFileType = wrapper.application; includeInIndex = 0; path = SummonerPage.app; sourceTree = BUILT_PRODUCTS_DIR; };
		07440E3527AA88BC00C9405A /* AppDelegate.swift */ = {isa = PBXFileReference; lastKnownFileType = sourcecode.swift; path = AppDelegate.swift; sourceTree = "<group>"; };
		07440E3727AA88BC00C9405A /* SceneDelegate.swift */ = {isa = PBXFileReference; lastKnownFileType = sourcecode.swift; path = SceneDelegate.swift; sourceTree = "<group>"; };
		07440E3927AA88BC00C9405A /* ViewController.swift */ = {isa = PBXFileReference; lastKnownFileType = sourcecode.swift; path = ViewController.swift; sourceTree = "<group>"; };
		07440E3C27AA88BC00C9405A /* Base */ = {isa = PBXFileReference; lastKnownFileType = file.storyboard; name = Base; path = Base.lproj/Main.storyboard; sourceTree = "<group>"; };
		07440E3E27AA88BD00C9405A /* Assets.xcassets */ = {isa = PBXFileReference; lastKnownFileType = folder.assetcatalog; path = Assets.xcassets; sourceTree = "<group>"; };
		07440E4127AA88BD00C9405A /* Base */ = {isa = PBXFileReference; lastKnownFileType = file.storyboard; name = Base; path = Base.lproj/LaunchScreen.storyboard; sourceTree = "<group>"; };
		07440E4327AA88BD00C9405A /* Info.plist */ = {isa = PBXFileReference; lastKnownFileType = text.plist.xml; path = Info.plist; sourceTree = "<group>"; };
		07440E4827AA88BD00C9405A /* SummonerPageTests.xctest */ = {isa = PBXFileReference; explicitFileType = wrapper.cfbundle; includeInIndex = 0; path = SummonerPageTests.xctest; sourceTree = BUILT_PRODUCTS_DIR; };
		07440E4C27AA88BD00C9405A /* SummonerPageTests.swift */ = {isa = PBXFileReference; lastKnownFileType = sourcecode.swift; path = SummonerPageTests.swift; sourceTree = "<group>"; };
		07440E5227AA88BD00C9405A /* SummonerPageUITests.xctest */ = {isa = PBXFileReference; explicitFileType = wrapper.cfbundle; includeInIndex = 0; path = SummonerPageUITests.xctest; sourceTree = BUILT_PRODUCTS_DIR; };
		07440E5627AA88BD00C9405A /* SummonerPageUITests.swift */ = {isa = PBXFileReference; lastKnownFileType = sourcecode.swift; path = SummonerPageUITests.swift; sourceTree = "<group>"; };
		07440E5827AA88BD00C9405A /* SummonerPageUITestsLaunchTests.swift */ = {isa = PBXFileReference; lastKnownFileType = sourcecode.swift; path = SummonerPageUITestsLaunchTests.swift; sourceTree = "<group>"; };
/* End PBXFileReference section */

/* Begin PBXFrameworksBuildPhase section */
		07440E2F27AA88BC00C9405A /* Frameworks */ = {
			isa = PBXFrameworksBuildPhase;
			buildActionMask = 2147483647;
			files = (
			);
			runOnlyForDeploymentPostprocessing = 0;
		};
		07440E4527AA88BD00C9405A /* Frameworks */ = {
			isa = PBXFrameworksBuildPhase;
			buildActionMask = 2147483647;
			files = (
			);
			runOnlyForDeploymentPostprocessing = 0;
		};
		07440E4F27AA88BD00C9405A /* Frameworks */ = {
			isa = PBXFrameworksBuildPhase;
			buildActionMask = 2147483647;
			files = (
			);
			runOnlyForDeploymentPostprocessing = 0;
		};
/* End PBXFrameworksBuildPhase section */

/* Begin PBXGroup section */
		07440E2927AA88BC00C9405A = {
			isa = PBXGroup;
			children = (
				07440E3427AA88BC00C9405A /* SummonerPage */,
				07440E4B27AA88BD00C9405A /* SummonerPageTests */,
				07440E5527AA88BD00C9405A /* SummonerPageUITests */,
				07440E3327AA88BC00C9405A /* Products */,
			);
			sourceTree = "<group>";
		};
		07440E3327AA88BC00C9405A /* Products */ = {
			isa = PBXGroup;
			children = (
				07440E3227AA88BC00C9405A /* SummonerPage.app */,
				07440E4827AA88BD00C9405A /* SummonerPageTests.xctest */,
				07440E5227AA88BD00C9405A /* SummonerPageUITests.xctest */,
			);
			name = Products;
			sourceTree = "<group>";
		};
		07440E3427AA88BC00C9405A /* SummonerPage */ = {
			isa = PBXGroup;
			children = (
				07440E3527AA88BC00C9405A /* AppDelegate.swift */,
				07440E3727AA88BC00C9405A /* SceneDelegate.swift */,
				07440E3927AA88BC00C9405A /* ViewController.swift */,
				07440E3B27AA88BC00C9405A /* Main.storyboard */,
				07440E3E27AA88BD00C9405A /* Assets.xcassets */,
				07440E4027AA88BD00C9405A /* LaunchScreen.storyboard */,
				07440E4327AA88BD00C9405A /* Info.plist */,
			);
			path = SummonerPage;
			sourceTree = "<group>";
		};
		07440E4B27AA88BD00C9405A /* SummonerPageTests */ = {
			isa = PBXGroup;
			children = (
				07440E4C27AA88BD00C9405A /* SummonerPageTests.swift */,
			);
			path = SummonerPageTests;
			sourceTree = "<group>";
		};
		07440E5527AA88BD00C9405A /* SummonerPageUITests */ = {
			isa = PBXGroup;
			children = (
				07440E5627AA88BD00C9405A /* SummonerPageUITests.swift */,
				07440E5827AA88BD00C9405A /* SummonerPageUITestsLaunchTests.swift */,
			);
			path = SummonerPageUITests;
			sourceTree = "<group>";
		};
/* End PBXGroup section */

/* Begin PBXNativeTarget section */
		07440E3127AA88BC00C9405A /* SummonerPage */ = {
			isa = PBXNativeTarget;
			buildConfigurationList = 07440E5C27AA88BD00C9405A /* Build configuration list for PBXNativeTarget "SummonerPage" */;
			buildPhases = (
				07440E2E27AA88BC00C9405A /* Sources */,
				07440E2F27AA88BC00C9405A /* Frameworks */,
				07440E3027AA88BC00C9405A /* Resources */,
			);
			buildRules = (
			);
			dependencies = (
			);
			name = SummonerPage;
			productName = SummonerPage;
			productReference = 07440E3227AA88BC00C9405A /* SummonerPage.app */;
			productType = "com.apple.product-type.application";
		};
		07440E4727AA88BD00C9405A /* SummonerPageTests */ = {
			isa = PBXNativeTarget;
			buildConfigurationList = 07440E5F27AA88BD00C9405A /* Build configuration list for PBXNativeTarget "SummonerPageTests" */;
			buildPhases = (
				07440E4427AA88BD00C9405A /* Sources */,
				07440E4527AA88BD00C9405A /* Frameworks */,
				07440E4627AA88BD00C9405A /* Resources */,
			);
			buildRules = (
			);
			dependencies = (
				07440E4A27AA88BD00C9405A /* PBXTargetDependency */,
			);
			name = SummonerPageTests;
			productName = SummonerPageTests;
			productReference = 07440E4827AA88BD00C9405A /* SummonerPageTests.xctest */;
			productType = "com.apple.product-type.bundle.unit-test";
		};
		07440E5127AA88BD00C9405A /* SummonerPageUITests */ = {
			isa = PBXNativeTarget;
			buildConfigurationList = 07440E6227AA88BD00C9405A /* Build configuration list for PBXNativeTarget "SummonerPageUITests" */;
			buildPhases = (
				07440E4E27AA88BD00C9405A /* Sources */,
				07440E4F27AA88BD00C9405A /* Frameworks */,
				07440E5027AA88BD00C9405A /* Resources */,
			);
			buildRules = (
			);
			dependencies = (
				07440E5427AA88BD00C9405A /* PBXTargetDependency */,
			);
			name = SummonerPageUITests;
			productName = SummonerPageUITests;
			productReference = 07440E5227AA88BD00C9405A /* SummonerPageUITests.xctest */;
			productType = "com.apple.product-type.bundle.ui-testing";
		};
/* End PBXNativeTarget section */

/* Begin PBXProject section */
		07440E2A27AA88BC00C9405A /* Project object */ = {
			isa = PBXProject;
			attributes = {
				BuildIndependentTargetsInParallel = 1;
				LastSwiftUpdateCheck = 1320;
				LastUpgradeCheck = 1320;
				TargetAttributes = {
					07440E3127AA88BC00C9405A = {
						CreatedOnToolsVersion = 13.2.1;
					};
					07440E4727AA88BD00C9405A = {
						CreatedOnToolsVersion = 13.2.1;
						TestTargetID = 07440E3127AA88BC00C9405A;
					};
					07440E5127AA88BD00C9405A = {
						CreatedOnToolsVersion = 13.2.1;
						TestTargetID = 07440E3127AA88BC00C9405A;
					};
				};
			};
			buildConfigurationList = 07440E2D27AA88BC00C9405A /* Build configuration list for PBXProject "SummonerPage" */;
			compatibilityVersion = "Xcode 13.0";
			developmentRegion = en;
			hasScannedForEncodings = 0;
			knownRegions = (
				en,
				Base,
			);
			mainGroup = 07440E2927AA88BC00C9405A;
			productRefGroup = 07440E3327AA88BC00C9405A /* Products */;
			projectDirPath = "";
			projectRoot = "";
			targets = (
				07440E3127AA88BC00C9405A /* SummonerPage */,
				07440E4727AA88BD00C9405A /* SummonerPageTests */,
				07440E5127AA88BD00C9405A /* SummonerPageUITests */,
			);
		};
/* End PBXProject section */

/* Begin PBXResourcesBuildPhase section */
		07440E3027AA88BC00C9405A /* Resources */ = {
			isa = PBXResourcesBuildPhase;
			buildActionMask = 2147483647;
			files = (
				07440E4227AA88BD00C9405A /* LaunchScreen.storyboard in Resources */,
				07440E3F27AA88BD00C9405A /* Assets.xcassets in Resources */,
				07440E3D27AA88BC00C9405A /* Main.storyboard in Resources */,
			);
			runOnlyForDeploymentPostprocessing = 0;
		};
		07440E4627AA88BD00C9405A /* Resources */ = {
			isa = PBXResourcesBuildPhase;
			buildActionMask = 2147483647;
			files = (
			);
			runOnlyForDeploymentPostprocessing = 0;
		};
		07440E5027AA88BD00C9405A /* Resources */ = {
			isa = PBXResourcesBuildPhase;
			buildActionMask = 2147483647;
			files = (
			);
			runOnlyForDeploymentPostprocessing = 0;
		};
/* End PBXResourcesBuildPhase section */

/* Begin PBXSourcesBuildPhase section */
		07440E2E27AA88BC00C9405A /* Sources */ = {
			isa = PBXSourcesBuildPhase;
			buildActionMask = 2147483647;
			files = (
				07440E3A27AA88BC00C9405A /* ViewController.swift in Sources */,
				07440E3627AA88BC00C9405A /* AppDelegate.swift in Sources */,
				07440E3827AA88BC00C9405A /* SceneDelegate.swift in Sources */,
			);
			runOnlyForDeploymentPostprocessing = 0;
		};
		07440E4427AA88BD00C9405A /* Sources */ = {
			isa = PBXSourcesBuildPhase;
			buildActionMask = 2147483647;
			files = (
				07440E4D27AA88BD00C9405A /* SummonerPageTests.swift in Sources */,
			);
			runOnlyForDeploymentPostprocessing = 0;
		};
		07440E4E27AA88BD00C9405A /* Sources */ = {
			isa = PBXSourcesBuildPhase;
			buildActionMask = 2147483647;
			files = (
				07440E5727AA88BD00C9405A /* SummonerPageUITests.swift in Sources */,
				07440E5927AA88BD00C9405A /* SummonerPageUITestsLaunchTests.swift in Sources */,
			);
			runOnlyForDeploymentPostprocessing = 0;
		};
/* End PBXSourcesBuildPhase section */

/* Begin PBXTargetDependency section */
		07440E4A27AA88BD00C9405A /* PBXTargetDependency */ = {
			isa = PBXTargetDependency;
			target = 07440E3127AA88BC00C9405A /* SummonerPage */;
			targetProxy = 07440E4927AA88BD00C9405A /* PBXContainerItemProxy */;
		};
		07440E5427AA88BD00C9405A /* PBXTargetDependency */ = {
			isa = PBXTargetDependency;
			target = 07440E3127AA88BC00C9405A /* SummonerPage */;
			targetProxy = 07440E5327AA88BD00C9405A /* PBXContainerItemProxy */;
		};
/* End PBXTargetDependency section */

/* Begin PBXVariantGroup section */
		07440E3B27AA88BC00C9405A /* Main.storyboard */ = {
			isa = PBXVariantGroup;
			children = (
				07440E3C27AA88BC00C9405A /* Base */,
			);
			name = Main.storyboard;
			sourceTree = "<group>";
		};
		07440E4027AA88BD00C9405A /* LaunchScreen.storyboard */ = {
			isa = PBXVariantGroup;
			children = (
				07440E4127AA88BD00C9405A /* Base */,
			);
			name = LaunchScreen.storyboard;
			sourceTree = "<group>";
		};
/* End PBXVariantGroup section */

/* Begin XCBuildConfiguration section */
		07440E5A27AA88BD00C9405A /* Debug */ = {
			isa = XCBuildConfiguration;
			buildSettings = {
				ALWAYS_SEARCH_USER_PATHS = NO;
				CLANG_ANALYZER_NONNULL = YES;
				CLANG_ANALYZER_NUMBER_OBJECT_CONVERSION = YES_AGGRESSIVE;
				CLANG_CXX_LANGUAGE_STANDARD = "gnu++17";
				CLANG_CXX_LIBRARY = "libc++";
				CLANG_ENABLE_MODULES = YES;
				CLANG_ENABLE_OBJC_ARC = YES;
				CLANG_ENABLE_OBJC_WEAK = YES;
				CLANG_WARN_BLOCK_CAPTURE_AUTORELEASING = YES;
				CLANG_WARN_BOOL_CONVERSION = YES;
				CLANG_WARN_COMMA = YES;
				CLANG_WARN_CONSTANT_CONVERSION = YES;
				CLANG_WARN_DEPRECATED_OBJC_IMPLEMENTATIONS = YES;
				CLANG_WARN_DIRECT_OBJC_ISA_USAGE = YES_ERROR;
				CLANG_WARN_DOCUMENTATION_COMMENTS = YES;
				CLANG_WARN_EMPTY_BODY = YES;
				CLANG_WARN_ENUM_CONVERSION = YES;
				CLANG_WARN_INFINITE_RECURSION = YES;
				CLANG_WARN_INT_CONVERSION = YES;
				CLANG_WARN_NON_LITERAL_NULL_CONVERSION = YES;
				CLANG_WARN_OBJC_IMPLICIT_RETAIN_SELF = YES;
				CLANG_WARN_OBJC_LITERAL_CONVERSION = YES;
				CLANG_WARN_OBJC_ROOT_CLASS = YES_ERROR;
				CLANG_WARN_QUOTED_INCLUDE_IN_FRAMEWORK_HEADER = YES;
				CLANG_WARN_RANGE_LOOP_ANALYSIS = YES;
				CLANG_WARN_STRICT_PROTOTYPES = YES;
				CLANG_WARN_SUSPICIOUS_MOVE = YES;
				CLANG_WARN_UNGUARDED_AVAILABILITY = YES_AGGRESSIVE;
				CLANG_WARN_UNREACHABLE_CODE = YES;
				CLANG_WARN__DUPLICATE_METHOD_MATCH = YES;
				COPY_PHASE_STRIP = NO;
				DEBUG_INFORMATION_FORMAT = dwarf;
				ENABLE_STRICT_OBJC_MSGSEND = YES;
				ENABLE_TESTABILITY = YES;
				GCC_C_LANGUAGE_STANDARD = gnu11;
				GCC_DYNAMIC_NO_PIC = NO;
				GCC_NO_COMMON_BLOCKS = YES;
				GCC_OPTIMIZATION_LEVEL = 0;
				GCC_PREPROCESSOR_DEFINITIONS = (
					"DEBUG=1",
					"$(inherited)",
				);
				GCC_WARN_64_TO_32_BIT_CONVERSION = YES;
				GCC_WARN_ABOUT_RETURN_TYPE = YES_ERROR;
				GCC_WARN_UNDECLARED_SELECTOR = YES;
				GCC_WARN_UNINITIALIZED_AUTOS = YES_AGGRESSIVE;
				GCC_WARN_UNUSED_FUNCTION = YES;
				GCC_WARN_UNUSED_VARIABLE = YES;
				IPHONEOS_DEPLOYMENT_TARGET = 15.2;
				MTL_ENABLE_DEBUG_INFO = INCLUDE_SOURCE;
				MTL_FAST_MATH = YES;
				ONLY_ACTIVE_ARCH = YES;
				SDKROOT = iphoneos;
				SWIFT_ACTIVE_COMPILATION_CONDITIONS = DEBUG;
				SWIFT_OPTIMIZATION_LEVEL = "-Onone";
			};
			name = Debug;
		};
		07440E5B27AA88BD00C9405A /* Release */ = {
			isa = XCBuildConfiguration;
			buildSettings = {
				ALWAYS_SEARCH_USER_PATHS = NO;
				CLANG_ANALYZER_NONNULL = YES;
				CLANG_ANALYZER_NUMBER_OBJECT_CONVERSION = YES_AGGRESSIVE;
				CLANG_CXX_LANGUAGE_STANDARD = "gnu++17";
				CLANG_CXX_LIBRARY = "libc++";
				CLANG_ENABLE_MODULES = YES;
				CLANG_ENABLE_OBJC_ARC = YES;
				CLANG_ENABLE_OBJC_WEAK = YES;
				CLANG_WARN_BLOCK_CAPTURE_AUTORELEASING = YES;
				CLANG_WARN_BOOL_CONVERSION = YES;
				CLANG_WARN_COMMA = YES;
				CLANG_WARN_CONSTANT_CONVERSION = YES;
				CLANG_WARN_DEPRECATED_OBJC_IMPLEMENTATIONS = YES;
				CLANG_WARN_DIRECT_OBJC_ISA_USAGE = YES_ERROR;
				CLANG_WARN_DOCUMENTATION_COMMENTS = YES;
				CLANG_WARN_EMPTY_BODY = YES;
				CLANG_WARN_ENUM_CONVERSION = YES;
				CLANG_WARN_INFINITE_RECURSION = YES;
				CLANG_WARN_INT_CONVERSION = YES;
				CLANG_WARN_NON_LITERAL_NULL_CONVERSION = YES;
				CLANG_WARN_OBJC_IMPLICIT_RETAIN_SELF = YES;
				CLANG_WARN_OBJC_LITERAL_CONVERSION = YES;
				CLANG_WARN_OBJC_ROOT_CLASS = YES_ERROR;
				CLANG_WARN_QUOTED_INCLUDE_IN_FRAMEWORK_HEADER = YES;
				CLANG_WARN_RANGE_LOOP_ANALYSIS = YES;
				CLANG_WARN_STRICT_PROTOTYPES = YES;
				CLANG_WARN_SUSPICIOUS_MOVE = YES;
				CLANG_WARN_UNGUARDED_AVAILABILITY = YES_AGGRESSIVE;
				CLANG_WARN_UNREACHABLE_CODE = YES;
				CLANG_WARN__DUPLICATE_METHOD_MATCH = YES;
				COPY_PHASE_STRIP = NO;
				DEBUG_INFORMATION_FORMAT = "dwarf-with-dsym";
				ENABLE_NS_ASSERTIONS = NO;
				ENABLE_STRICT_OBJC_MSGSEND = YES;
				GCC_C_LANGUAGE_STANDARD = gnu11;
				GCC_NO_COMMON_BLOCKS = YES;
				GCC_WARN_64_TO_32_BIT_CONVERSION = YES;
				GCC_WARN_ABOUT_RETURN_TYPE = YES_ERROR;
				GCC_WARN_UNDECLARED_SELECTOR = YES;
				GCC_WARN_UNINITIALIZED_AUTOS = YES_AGGRESSIVE;
				GCC_WARN_UNUSED_FUNCTION = YES;
				GCC_WARN_UNUSED_VARIABLE = YES;
				IPHONEOS_DEPLOYMENT_TARGET = 15.2;
				MTL_ENABLE_DEBUG_INFO = NO;
				MTL_FAST_MATH = YES;
				SDKROOT = iphoneos;
				SWIFT_COMPILATION_MODE = wholemodule;
				SWIFT_OPTIMIZATION_LEVEL = "-O";
				VALIDATE_PRODUCT = YES;
			};
			name = Release;
		};
		07440E5D27AA88BD00C9405A /* Debug */ = {
			isa = XCBuildConfiguration;
			buildSettings = {
				ASSETCATALOG_COMPILER_APPICON_NAME = AppIcon;
				ASSETCATALOG_COMPILER_GLOBAL_ACCENT_COLOR_NAME = AccentColor;
				CODE_SIGN_STYLE = Automatic;
				CURRENT_PROJECT_VERSION = 1;
				DEVELOPMENT_TEAM = C2JG56G9EQ;
				GENERATE_INFOPLIST_FILE = YES;
				INFOPLIST_FILE = SummonerPage/Info.plist;
				INFOPLIST_KEY_UIApplicationSupportsIndirectInputEvents = YES;
				INFOPLIST_KEY_UILaunchStoryboardName = LaunchScreen;
				INFOPLIST_KEY_UIMainStoryboardFile = Main;
				INFOPLIST_KEY_UISupportedInterfaceOrientations_iPad = "UIInterfaceOrientationPortrait UIInterfaceOrientationPortraitUpsideDown UIInterfaceOrientationLandscapeLeft UIInterfaceOrientationLandscapeRight";
				INFOPLIST_KEY_UISupportedInterfaceOrientations_iPhone = "UIInterfaceOrientationPortrait UIInterfaceOrientationLandscapeLeft UIInterfaceOrientationLandscapeRight";
				LD_RUNPATH_SEARCH_PATHS = (
					"$(inherited)",
					"@executable_path/Frameworks",
				);
				MARKETING_VERSION = 1.0;
				PRODUCT_BUNDLE_IDENTIFIER = com.yunseop.SummonerPage;
				PRODUCT_NAME = "$(TARGET_NAME)";
				SWIFT_EMIT_LOC_STRINGS = YES;
				SWIFT_VERSION = 5.0;
				TARGETED_DEVICE_FAMILY = "1,2";
			};
			name = Debug;
		};
		07440E5E27AA88BD00C9405A /* Release */ = {
			isa = XCBuildConfiguration;
			buildSettings = {
				ASSETCATALOG_COMPILER_APPICON_NAME = AppIcon;
				ASSETCATALOG_COMPILER_GLOBAL_ACCENT_COLOR_NAME = AccentColor;
				CODE_SIGN_STYLE = Automatic;
				CURRENT_PROJECT_VERSION = 1;
				DEVELOPMENT_TEAM = C2JG56G9EQ;
				GENERATE_INFOPLIST_FILE = YES;
				INFOPLIST_FILE = SummonerPage/Info.plist;
				INFOPLIST_KEY_UIApplicationSupportsIndirectInputEvents = YES;
				INFOPLIST_KEY_UILaunchStoryboardName = LaunchScreen;
				INFOPLIST_KEY_UIMainStoryboardFile = Main;
				INFOPLIST_KEY_UISupportedInterfaceOrientations_iPad = "UIInterfaceOrientationPortrait UIInterfaceOrientationPortraitUpsideDown UIInterfaceOrientationLandscapeLeft UIInterfaceOrientationLandscapeRight";
				INFOPLIST_KEY_UISupportedInterfaceOrientations_iPhone = "UIInterfaceOrientationPortrait UIInterfaceOrientationLandscapeLeft UIInterfaceOrientationLandscapeRight";
				LD_RUNPATH_SEARCH_PATHS = (
					"$(inherited)",
					"@executable_path/Frameworks",
				);
				MARKETING_VERSION = 1.0;
				PRODUCT_BUNDLE_IDENTIFIER = com.yunseop.SummonerPage;
				PRODUCT_NAME = "$(TARGET_NAME)";
				SWIFT_EMIT_LOC_STRINGS = YES;
				SWIFT_VERSION = 5.0;
				TARGETED_DEVICE_FAMILY = "1,2";
			};
			name = Release;
		};
		07440E6027AA88BD00C9405A /* Debug */ = {
			isa = XCBuildConfiguration;
			buildSettings = {
				ALWAYS_EMBED_SWIFT_STANDARD_LIBRARIES = YES;
				BUNDLE_LOADER = "$(TEST_HOST)";
				CODE_SIGN_STYLE = Automatic;
				CURRENT_PROJECT_VERSION = 1;
				DEVELOPMENT_TEAM = C2JG56G9EQ;
				GENERATE_INFOPLIST_FILE = YES;
				IPHONEOS_DEPLOYMENT_TARGET = 15.2;
				MARKETING_VERSION = 1.0;
				PRODUCT_BUNDLE_IDENTIFIER = com.yunseop.SummonerPageTests;
				PRODUCT_NAME = "$(TARGET_NAME)";
				SWIFT_EMIT_LOC_STRINGS = NO;
				SWIFT_VERSION = 5.0;
				TARGETED_DEVICE_FAMILY = "1,2";
				TEST_HOST = "$(BUILT_PRODUCTS_DIR)/SummonerPage.app/SummonerPage";
			};
			name = Debug;
		};
		07440E6127AA88BD00C9405A /* Release */ = {
			isa = XCBuildConfiguration;
			buildSettings = {
				ALWAYS_EMBED_SWIFT_STANDARD_LIBRARIES = YES;
				BUNDLE_LOADER = "$(TEST_HOST)";
				CODE_SIGN_STYLE = Automatic;
				CURRENT_PROJECT_VERSION = 1;
				DEVELOPMENT_TEAM = C2JG56G9EQ;
				GENERATE_INFOPLIST_FILE = YES;
				IPHONEOS_DEPLOYMENT_TARGET = 15.2;
				MARKETING_VERSION = 1.0;
				PRODUCT_BUNDLE_IDENTIFIER = com.yunseop.SummonerPageTests;
				PRODUCT_NAME = "$(TARGET_NAME)";
				SWIFT_EMIT_LOC_STRINGS = NO;
				SWIFT_VERSION = 5.0;
				TARGETED_DEVICE_FAMILY = "1,2";
				TEST_HOST = "$(BUILT_PRODUCTS_DIR)/SummonerPage.app/SummonerPage";
			};
			name = Release;
		};
		07440E6327AA88BD00C9405A /* Debug */ = {
			isa = XCBuildConfiguration;
			buildSettings = {
				ALWAYS_EMBED_SWIFT_STANDARD_LIBRARIES = YES;
				CODE_SIGN_STYLE = Automatic;
				CURRENT_PROJECT_VERSION = 1;
				DEVELOPMENT_TEAM = C2JG56G9EQ;
				GENERATE_INFOPLIST_FILE = YES;
				MARKETING_VERSION = 1.0;
				PRODUCT_BUNDLE_IDENTIFIER = com.yunseop.SummonerPageUITests;
				PRODUCT_NAME = "$(TARGET_NAME)";
				SWIFT_EMIT_LOC_STRINGS = NO;
				SWIFT_VERSION = 5.0;
				TARGETED_DEVICE_FAMILY = "1,2";
				TEST_TARGET_NAME = SummonerPage;
			};
			name = Debug;
		};
		07440E6427AA88BD00C9405A /* Release */ = {
			isa = XCBuildConfiguration;
			buildSettings = {
				ALWAYS_EMBED_SWIFT_STANDARD_LIBRARIES = YES;
				CODE_SIGN_STYLE = Automatic;
				CURRENT_PROJECT_VERSION = 1;
				DEVELOPMENT_TEAM = C2JG56G9EQ;
				GENERATE_INFOPLIST_FILE = YES;
				MARKETING_VERSION = 1.0;
				PRODUCT_BUNDLE_IDENTIFIER = com.yunseop.SummonerPageUITests;
				PRODUCT_NAME = "$(TARGET_NAME)";
				SWIFT_EMIT_LOC_STRINGS = NO;
				SWIFT_VERSION = 5.0;
				TARGETED_DEVICE_FAMILY = "1,2";
				TEST_TARGET_NAME = SummonerPage;
			};
			name = Release;
		};
/* End XCBuildConfiguration section */

/* Begin XCConfigurationList section */
		07440E2D27AA88BC00C9405A /* Build configuration list for PBXProject "SummonerPage" */ = {
			isa = XCConfigurationList;
			buildConfigurations = (
				07440E5A27AA88BD00C9405A /* Debug */,
				07440E5B27AA88BD00C9405A /* Release */,
			);
			defaultConfigurationIsVisible = 0;
			defaultConfigurationName = Release;
		};
		07440E5C27AA88BD00C9405A /* Build configuration list for PBXNativeTarget "SummonerPage" */ = {
			isa = XCConfigurationList;
			buildConfigurations = (
				07440E5D27AA88BD00C9405A /* Debug */,
				07440E5E27AA88BD00C9405A /* Release */,
			);
			defaultConfigurationIsVisible = 0;
			defaultConfigurationName = Release;
		};
		07440E5F27AA88BD00C9405A /* Build configuration list for PBXNativeTarget "SummonerPageTests" */ = {
			isa = XCConfigurationList;
			buildConfigurations = (
				07440E6027AA88BD00C9405A /* Debug */,
				07440E6127AA88BD00C9405A /* Release */,
			);
			defaultConfigurationIsVisible = 0;
			defaultConfigurationName = Release;
		};
		07440E6227AA88BD00C9405A /* Build configuration list for PBXNativeTarget "SummonerPageUITests" */ = {
			isa = XCConfigurationList;
			buildConfigurations = (
				07440E6327AA88BD00C9405A /* Debug */,
				07440E6427AA88BD00C9405A /* Release */,
			);
			defaultConfigurationIsVisible = 0;
			defaultConfigurationName = Release;
		};
/* End XCConfigurationList section */
	};
	rootObject = 07440E2A27AA88BC00C9405A /* Project object */;
}
